
Microsoft Visual Studio Solution File, Format Version 12.00
# Visual Studio Version 17
VisualStudioVersion = 17.3.32901.215
MinimumVisualStudioVersion = 10.0.40219.1
Project("{9A19103F-16F7-4668-BE54-9A1E7A4F7556}") = "Server", "Server\Server.csproj", "{8AB61984-1CBE-4A8D-BDA5-A0264ECD08BE}"
EndProject
Project("{FAE04EC0-301F-11D3-BF4B-00C04F79EFBC}") = "ServerNUnit", "ServerNUnit\ServerNUnit.csproj", "{4D367A8C-08B9-49BF-91E2-FBA7AB9C3FFE}"
EndProject
Global
	GlobalSection(SolutionConfigurationPlatforms) = preSolution
		Debug|Any CPU = Debug|Any CPU
		Release|Any CPU = Release|Any CPU
	EndGlobalSection
	GlobalSection(ProjectConfigurationPlatforms) = postSolution
		{8AB61984-1CBE-4A8D-BDA5-A0264ECD08BE}.Debug|Any CPU.ActiveCfg = Debug|Any CPU
		{8AB61984-1CBE-4A8D-BDA5-A0264ECD08BE}.Debug|Any CPU.Build.0 = Debug|Any CPU
		{8AB61984-1CBE-4A8D-BDA5-A0264ECD08BE}.Release|Any CPU.ActiveCfg = Release|Any CPU
		{8AB61984-1CBE-4A8D-BDA5-A0264ECD08BE}.Release|Any CPU.Build.0 = Release|Any CPU
		{4D367A8C-08B9-49BF-91E2-FBA7AB9C3FFE}.Debug|Any CPU.ActiveCfg = Debug|Any CPU
		{4D367A8C-08B9-49BF-91E2-FBA7AB9C3FFE}.Debug|Any CPU.Build.0 = Debug|Any CPU
		{4D367A8C-08B9-49BF-91E2-FBA7AB9C3FFE}.Release|Any CPU.ActiveCfg = Release|Any CPU
		{4D367A8C-08B9-49BF-91E2-FBA7AB9C3FFE}.Release|Any CPU.Build.0 = Release|Any CPU
	EndGlobalSection
	GlobalSection(SolutionProperties) = preSolution
		HideSolutionNode = FALSE
	EndGlobalSection
	GlobalSection(ExtensibilityGlobals) = postSolution
		SolutionGuid = {1B891930-9BD4-491C-BE90-EE92C7FF42CC}
	EndGlobalSection
EndGlobal
